// !$*UTF8*$!
{
	archiveVersion = 1;
	classes = {
	};
	objectVersion = 46;
	objects = {

/* Begin PBXBuildFile section */
		C22342781EBB6098001B0D69 /* AppDelegate.swift in Sources */ = {isa = PBXBuildFile; fileRef = C22342771EBB6098001B0D69 /* AppDelegate.swift */; };
		C223427A1EBB6098001B0D69 /* ViewController.swift in Sources */ = {isa = PBXBuildFile; fileRef = C22342791EBB6098001B0D69 /* ViewController.swift */; };
		C223427D1EBB6098001B0D69 /* Main.storyboard in Resources */ = {isa = PBXBuildFile; fileRef = C223427B1EBB6098001B0D69 /* Main.storyboard */; };
		C223427F1EBB6098001B0D69 /* Assets.xcassets in Resources */ = {isa = PBXBuildFile; fileRef = C223427E1EBB6098001B0D69 /* Assets.xcassets */; };
		C22342821EBB6098001B0D69 /* LaunchScreen.storyboard in Resources */ = {isa = PBXBuildFile; fileRef = C22342801EBB6098001B0D69 /* LaunchScreen.storyboard */; };
/* End PBXBuildFile section */

/* Begin PBXFileReference section */
		C22342741EBB6098001B0D69 /* githubtesting.app */ = {isa = PBXFileReference; explicitFileType = wrapper.application; includeInIndex = 0; path = githubtesting.app; sourceTree = BUILT_PRODUCTS_DIR; };
		C22342771EBB6098001B0D69 /* AppDelegate.swift */ = {isa = PBXFileReference; lastKnownFileType = sourcecode.swift; path = AppDelegate.swift; sourceTree = "<group>"; };
		C22342791EBB6098001B0D69 /* ViewController.swift */ = {isa = PBXFileReference; lastKnownFileType = sourcecode.swift; path = ViewController.swift; sourceTree = "<group>"; };
		C223427C1EBB6098001B0D69 /* Base */ = {isa = PBXFileReference; lastKnownFileType = file.storyboard; name = Base; path = Base.lproj/Main.storyboard; sourceTree = "<group>"; };
		C223427E1EBB6098001B0D69 /* Assets.xcassets */ = {isa = PBXFileReference; lastKnownFileType = folder.assetcatalog; path = Assets.xcassets; sourceTree = "<group>"; };
		C22342811EBB6098001B0D69 /* Base */ = {isa = PBXFileReference; lastKnownFileType = file.storyboard; name = Base; path = Base.lproj/LaunchScreen.storyboard; sourceTree = "<group>"; };
		C22342831EBB6098001B0D69 /* Info.plist */ = {isa = PBXFileReference; lastKnownFileType = text.plist.xml; path = Info.plist; sourceTree = "<group>"; };
/* End PBXFileReference section */

/* Begin PBXFrameworksBuildPhase section */
		C22342711EBB6097001B0D69 /* Frameworks */ = {
			isa = PBXFrameworksBuildPhase;
			buildActionMask = 2147483647;
			files = (
			);
			runOnlyForDeploymentPostprocessing = 0;
		};
/* End PBXFrameworksBuildPhase section */

/* Begin PBXGroup section */
		C223426B1EBB6097001B0D69 = {
			isa = PBXGroup;
			children = (
				C22342761EBB6098001B0D69 /* githubtesting */,
				C22342751EBB6098001B0D69 /* Products */,
			);
			sourceTree = "<group>";
		};
		C22342751EBB6098001B0D69 /* Products */ = {
			isa = PBXGroup;
			children = (
				C22342741EBB6098001B0D69 /* githubtesting.app */,
			);
			name = Products;
			sourceTree = "<group>";
		};
		C22342761EBB6098001B0D69 /* githubtesting */ = {
			isa = PBXGroup;
			children = (
				C22342771EBB6098001B0D69 /* AppDelegate.swift */,
				C22342791EBB6098001B0D69 /* ViewController.swift */,
				C223427B1EBB6098001B0D69 /* Main.storyboard */,
				C223427E1EBB6098001B0D69 /* Assets.xcassets */,
				C22342801EBB6098001B0D69 /* LaunchScreen.storyboard */,
				C22342831EBB6098001B0D69 /* Info.plist */,
			);
			path = githubtesting;
			sourceTree = "<group>";
		};
/* End PBXGroup section */

/* Begin PBXNativeTarget section */
		C22342731EBB6097001B0D69 /* githubtesting */ = {
			isa = PBXNativeTarget;
			buildConfigurationList = C22342861EBB6098001B0D69 /* Build configuration list for PBXNativeTarget "githubtesting" */;
			buildPhases = (
				C22342701EBB6097001B0D69 /* Sources */,
				C22342711EBB6097001B0D69 /* Frameworks */,
				C22342721EBB6097001B0D69 /* Resources */,
			);
			buildRules = (
			);
			dependencies = (
			);
			name = githubtesting;
			productName = githubtesting;
			productReference = C22342741EBB6098001B0D69 /* githubtesting.app */;
			productType = "com.apple.product-type.application";
		};
/* End PBXNativeTarget section */

/* Begin PBXProject section */
		C223426C1EBB6097001B0D69 /* Project object */ = {
			isa = PBXProject;
			attributes = {
				LastSwiftUpdateCheck = 0830;
				LastUpgradeCheck = 0830;
				ORGANIZATIONNAME = "Daniel Lizsicsar";
				TargetAttributes = {
					C22342731EBB6097001B0D69 = {
						CreatedOnToolsVersion = 8.3.2;
						DevelopmentTeam = 3WV7AVW3JK;
						ProvisioningStyle = Automatic;
					};
				};
			};
			buildConfigurationList = C223426F1EBB6097001B0D69 /* Build configuration list for PBXProject "githubtesting" */;
			compatibilityVersion = "Xcode 3.2";
			developmentRegion = English;
			hasScannedForEncodings = 0;
			knownRegions = (
				en,
				Base,
			);
			mainGroup = C223426B1EBB6097001B0D69;
			productRefGroup = C22342751EBB6098001B0D69 /* Products */;
			projectDirPath = "";
			projectRoot = "";
			targets = (
				C22342731EBB6097001B0D69 /* githubtesting */,
			);
		};
/* End PBXProject section */

/* Begin PBXResourcesBuildPhase section */
		C22342721EBB6097001B0D69 /* Resources */ = {
			isa = PBXResourcesBuildPhase;
			buildActionMask = 2147483647;
			files = (
				C22342821EBB6098001B0D69 /* LaunchScreen.storyboard in Resources */,
				C223427F1EBB6098001B0D69 /* Assets.xcassets in Resources */,
				C223427D1EBB6098001B0D69 /* Main.storyboard in Resources */,
			);
			runOnlyForDeploymentPostprocessing = 0;
		};
/* End PBXResourcesBuildPhase section */

/* Begin PBXSourcesBuildPhase section */
		C22342701EBB6097001B0D69 /* Sources */ = {
			isa = PBXSourcesBuildPhase;
			buildActionMask = 2147483647;
			files = (
				C223427A1EBB6098001B0D69 /* ViewController.swift in Sources */,
				C22342781EBB6098001B0D69 /* AppDelegate.swift in Sources */,
			);
			runOnlyForDeploymentPostprocessing = 0;
		};
/* End PBXSourcesBuildPhase section */

/* Begin PBXVariantGroup section */
		C223427B1EBB6098001B0D69 /* Main.storyboard */ = {
			isa = PBXVariantGroup;
			children = (
				C223427C1EBB6098001B0D69 /* Base */,
			);
			name = Main.storyboard;
			sourceTree = "<group>";
		};
		C22342801EBB6098001B0D69 /* LaunchScreen.storyboard */ = {
			isa = PBXVariantGroup;
			children = (
				C22342811EBB6098001B0D69 /* Base */,
			);
			name = LaunchScreen.storyboard;
			sourceTree = "<group>";
		};
/* End PBXVariantGroup section */

/* Begin XCBuildConfiguration section */
		C22342841EBB6098001B0D69 /* Debug */ = {
			isa = XCBuildConfiguration;
			buildSettings = {
				ALWAYS_SEARCH_USER_PATHS = NO;
				CLANG_ANALYZER_NONNULL = YES;
				CLANG_ANALYZER_NUMBER_OBJECT_CONVERSION = YES_AGGRESSIVE;
				CLANG_CXX_LANGUAGE_STANDARD = "gnu++0x";
				CLANG_CXX_LIBRARY = "libc++";
				CLANG_ENABLE_MODULES = YES;
				CLANG_ENABLE_OBJC_ARC = YES;
				CLANG_WARN_BOOL_CONVERSION = YES;
				CLANG_WARN_CONSTANT_CONVERSION = YES;
				CLANG_WARN_DIRECT_OBJC_ISA_USAGE = YES_ERROR;
				CLANG_WARN_DOCUMENTATION_COMMENTS = YES;
				CLANG_WARN_EMPTY_BODY = YES;
				CLANG_WARN_ENUM_CONVERSION = YES;
				CLANG_WARN_INFINITE_RECURSION = YES;
				CLANG_WARN_INT_CONVERSION = YES;
				CLANG_WARN_OBJC_ROOT_CLASS = YES_ERROR;
				CLANG_WARN_SUSPICIOUS_MOVE = YES;
				CLANG_WARN_UNREACHABLE_CODE = YES;
				CLANG_WARN__DUPLICATE_METHOD_MATCH = YES;
				"CODE_SIGN_IDENTITY[sdk=iphoneos*]" = "iPhone Developer";
				COPY_PHASE_STRIP = NO;
				DEBUG_INFORMATION_FORMAT = dwarf;
				ENABLE_STRICT_OBJC_MSGSEND = YES;
				ENABLE_TESTABILITY = YES;
				GCC_C_LANGUAGE_STANDARD = gnu99;
				GCC_DYNAMIC_NO_PIC = NO;
				GCC_NO_COMMON_BLOCKS = YES;
				GCC_OPTIMIZATION_LEVEL = 0;
				GCC_PREPROCESSOR_DEFINITIONS = (
					"DEBUG=1",
					"$(inherited)",
				);
				GCC_WARN_64_TO_32_BIT_CONVERSION = YES;
				GCC_WARN_ABOUT_RETURN_TYPE = YES_ERROR;
				GCC_WARN_UNDECLARED_SELECTOR = YES;
				GCC_WARN_UNINITIALIZED_AUTOS = YES_AGGRESSIVE;
				GCC_WARN_UNUSED_FUNCTION = YES;
				GCC_WARN_UNUSED_VARIABLE = YES;
				IPHONEOS_DEPLOYMENT_TARGET = 10.3;
				MTL_ENABLE_DEBUG_INFO = YES;
				ONLY_ACTIVE_ARCH = YES;
				SDKROOT = iphoneos;
				SWIFT_ACTIVE_COMPILATION_CONDITIONS = DEBUG;
				SWIFT_OPTIMIZATION_LEVEL = "-Onone";
				TARGETED_DEVICE_FAMILY = "1,2";
			};
			name = Debug;
		};
		C22342851EBB6098001B0D69 /* Release */ = {
			isa = XCBuildConfiguration;
			buildSettings = {
				ALWAYS_SEARCH_USER_PATHS = NO;
				CLANG_ANALYZER_NONNULL = YES;
				CLANG_ANALYZER_NUMBER_OBJECT_CONVERSION = YES_AGGRESSIVE;
				CLANG_CXX_LANGUAGE_STANDARD = "gnu++0x";
				CLANG_CXX_LIBRARY = "libc++";
				CLANG_ENABLE_MODULES = YES;
				CLANG_ENABLE_OBJC_ARC = YES;
				CLANG_WARN_BOOL_CONVERSION = YES;
				CLANG_WARN_CONSTANT_CONVERSION = YES;
				CLANG_WARN_DIRECT_OBJC_ISA_USAGE = YES_ERROR;
				CLANG_WARN_DOCUMENTATION_COMMENTS = YES;
				CLANG_WARN_EMPTY_BODY = YES;
				CLANG_WARN_ENUM_CONVERSION = YES;
				CLANG_WARN_INFINITE_RECURSION = YES;
				CLANG_WARN_INT_CONVERSION = YES;
				CLANG_WARN_OBJC_ROOT_CLASS = YES_ERROR;
				CLANG_WARN_SUSPICIOUS_MOVE = YES;
				CLANG_WARN_UNREACHABLE_CODE = YES;
				CLANG_WARN__DUPLICATE_METHOD_MATCH = YES;
				"CODE_SIGN_IDENTITY[sdk=iphoneos*]" = "iPhone Developer";
				COPY_PHASE_STRIP = NO;
				DEBUG_INFORMATION_FORMAT = "dwarf-with-dsym";
				ENABLE_NS_ASSERTIONS = NO;
				ENABLE_STRICT_OBJC_MSGSEND = YES;
				GCC_C_LANGUAGE_STANDARD = gnu99;
				GCC_NO_COMMON_BLOCKS = YES;
				GCC_WARN_64_TO_32_BIT_CONVERSION = YES;
				GCC_WARN_ABOUT_RETURN_TYPE = YES_ERROR;
				GCC_WARN_UNDECLARED_SELECTOR = YES;
				GCC_WARN_UNINITIALIZED_AUTOS = YES_AGGRESSIVE;
				GCC_WARN_UNUSED_FUNCTION = YES;
				GCC_WARN_UNUSED_VARIABLE = YES;
				IPHONEOS_DEPLOYMENT_TARGET = 10.3;
				MTL_ENABLE_DEBUG_INFO = NO;
				SDKROOT = iphoneos;
				SWIFT_OPTIMIZATION_LEVEL = "-Owholemodule";
				TARGETED_DEVICE_FAMILY = "1,2";
				VALIDATE_PRODUCT = YES;
			};
			name = Release;
		};
		C22342871EBB6098001B0D69 /* Debug */ = {
			isa = XCBuildConfiguration;
			buildSettings = {
				ASSETCATALOG_COMPILER_APPICON_NAME = AppIcon;
				DEVELOPMENT_TEAM = 3WV7AVW3JK;
				INFOPLIST_FILE = githubtesting/Info.plist;
				LD_RUNPATH_SEARCH_PATHS = "$(inherited) @executable_path/Frameworks";
				PRODUCT_BUNDLE_IDENTIFIER = com.daniellizsicsar.githubtesting;
				PRODUCT_NAME = "$(TARGET_NAME)";
				SWIFT_VERSION = 3.0;
			};
			name = Debug;
		};
		C22342881EBB6098001B0D69 /* Release */ = {
			isa = XCBuildConfiguration;
			buildSettings = {
				ASSETCATALOG_COMPILER_APPICON_NAME = AppIcon;
				DEVELOPMENT_TEAM = 3WV7AVW3JK;
				INFOPLIST_FILE = githubtesting/Info.plist;
				LD_RUNPATH_SEARCH_PATHS = "$(inherited) @executable_path/Frameworks";
				PRODUCT_BUNDLE_IDENTIFIER = com.daniellizsicsar.githubtesting;
				PRODUCT_NAME = "$(TARGET_NAME)";
				SWIFT_VERSION = 3.0;
			};
			name = Release;
		};
/* End XCBuildConfiguration section */

/* Begin XCConfigurationList section */
		C223426F1EBB6097001B0D69 /* Build configuration list for PBXProject "githubtesting" */ = {
			isa = XCConfigurationList;
			buildConfigurations = (
				C22342841EBB6098001B0D69 /* Debug */,
				C22342851EBB6098001B0D69 /* Release */,
			);
			defaultConfigurationIsVisible = 0;
			defaultConfigurationName = Release;
		};
		C22342861EBB6098001B0D69 /* Build configuration list for PBXNativeTarget "githubtesting" */ = {
			isa = XCConfigurationList;
			buildConfigurations = (
				C22342871EBB6098001B0D69 /* Debug */,
				C22342881EBB6098001B0D69 /* Release */,
			);
			defaultConfigurationIsVisible = 0;
		};
/* End XCConfigurationList section */
	};
	rootObject = C223426C1EBB6097001B0D69 /* Project object */;
}
